
Microsoft Visual Studio Solution File, Format Version 12.00
# Visual Studio 15
VisualStudioVersion = 15.0.27004.2010
MinimumVisualStudioVersion = 10.0.40219.1
Project("{FAE04EC0-301F-11D3-BF4B-00C04F79EFBC}") = "ReadingAnXMLFile", "ReadingAnXMLFile\ReadingAnXMLFile.csproj", "{D653FE3A-EA8F-4DFB-A8C8-5786C2EC23F6}"
EndProject
Global
	GlobalSection(SolutionConfigurationPlatforms) = preSolution
		Debug|Any CPU = Debug|Any CPU
		Release|Any CPU = Release|Any CPU
	EndGlobalSection
	GlobalSection(ProjectConfigurationPlatforms) = postSolution
		{D653FE3A-EA8F-4DFB-A8C8-5786C2EC23F6}.Debug|Any CPU.ActiveCfg = Debug|Any CPU
		{D653FE3A-EA8F-4DFB-A8C8-5786C2EC23F6}.Debug|Any CPU.Build.0 = Debug|Any CPU
		{D653FE3A-EA8F-4DFB-A8C8-5786C2EC23F6}.Release|Any CPU.ActiveCfg = Release|Any CPU
		{D653FE3A-EA8F-4DFB-A8C8-5786C2EC23F6}.Release|Any CPU.Build.0 = Release|Any CPU
	EndGlobalSection
	GlobalSection(SolutionProperties) = preSolution
		HideSolutionNode = FALSE
	EndGlobalSection
	GlobalSection(ExtensibilityGlobals) = postSolution
		SolutionGuid = {CD9A64DC-7462-4639-9194-0546484B6B28}
	EndGlobalSection
EndGlobal
